
Microsoft Visual Studio Solution File, Format Version 12.00
# Visual Studio Version 16
VisualStudioVersion = 16.0.30611.23
MinimumVisualStudioVersion = 10.0.40219.1
Project("{FAE04EC0-301F-11D3-BF4B-00C04F79EFBC}") = "CqrsSampleFirst.WebApi", "CqrsSampleFirst.WebApi\CqrsSampleFirst.WebApi.csproj", "{8037D2E5-2FE9-4FE3-8881-1B072DB255AF}"
EndProject
Project("{FAE04EC0-301F-11D3-BF4B-00C04F79EFBC}") = "CqrsSampleFirst.Application", "CqrsSampleFirst.Application\CqrsSampleFirst.Application.csproj", "{B33392E0-449E-45A7-A38D-93154EF515FF}"
EndProject
Project("{FAE04EC0-301F-11D3-BF4B-00C04F79EFBC}") = "CqrsSampleFirst.Persistance", "CqrsSampleFirst.Persistance\CqrsSampleFirst.Persistance.csproj", "{668F7E01-23F1-4A14-98D2-E7F10CDCD73B}"
EndProject
Project("{FAE04EC0-301F-11D3-BF4B-00C04F79EFBC}") = "CqrsSampleFirst.Domain", "CqrsSampleFirst.Domains\CqrsSampleFirst.Domain.csproj", "{588F090E-97E4-4C65-8DFF-D0F382536C9D}"
EndProject
Project("{FAE04EC0-301F-11D3-BF4B-00C04F79EFBC}") = "CqrsSampleFirst.ApiGateway", "CqrsSampleFirst.ApiGateway\CqrsSampleFirst.ApiGateway.csproj", "{C592E082-F26B-44D3-9B6C-9F8CAE2D706D}"
EndProject
Global
	GlobalSection(SolutionConfigurationPlatforms) = preSolution
		Debug|Any CPU = Debug|Any CPU
		Release|Any CPU = Release|Any CPU
	EndGlobalSection
	GlobalSection(ProjectConfigurationPlatforms) = postSolution
		{8037D2E5-2FE9-4FE3-8881-1B072DB255AF}.Debug|Any CPU.ActiveCfg = Debug|Any CPU
		{8037D2E5-2FE9-4FE3-8881-1B072DB255AF}.Debug|Any CPU.Build.0 = Debug|Any CPU
		{8037D2E5-2FE9-4FE3-8881-1B072DB255AF}.Release|Any CPU.ActiveCfg = Release|Any CPU
		{8037D2E5-2FE9-4FE3-8881-1B072DB255AF}.Release|Any CPU.Build.0 = Release|Any CPU
		{B33392E0-449E-45A7-A38D-93154EF515FF}.Debug|Any CPU.ActiveCfg = Debug|Any CPU
		{B33392E0-449E-45A7-A38D-93154EF515FF}.Debug|Any CPU.Build.0 = Debug|Any CPU
		{B33392E0-449E-45A7-A38D-93154EF515FF}.Release|Any CPU.ActiveCfg = Release|Any CPU
		{B33392E0-449E-45A7-A38D-93154EF515FF}.Release|Any CPU.Build.0 = Release|Any CPU
		{668F7E01-23F1-4A14-98D2-E7F10CDCD73B}.Debug|Any CPU.ActiveCfg = Debug|Any CPU
		{668F7E01-23F1-4A14-98D2-E7F10CDCD73B}.Debug|Any CPU.Build.0 = Debug|Any CPU
		{668F7E01-23F1-4A14-98D2-E7F10CDCD73B}.Release|Any CPU.ActiveCfg = Release|Any CPU
		{668F7E01-23F1-4A14-98D2-E7F10CDCD73B}.Release|Any CPU.Build.0 = Release|Any CPU
		{588F090E-97E4-4C65-8DFF-D0F382536C9D}.Debug|Any CPU.ActiveCfg = Debug|Any CPU
		{588F090E-97E4-4C65-8DFF-D0F382536C9D}.Debug|Any CPU.Build.0 = Debug|Any CPU
		{588F090E-97E4-4C65-8DFF-D0F382536C9D}.Release|Any CPU.ActiveCfg = Release|Any CPU
		{588F090E-97E4-4C65-8DFF-D0F382536C9D}.Release|Any CPU.Build.0 = Release|Any CPU
		{C592E082-F26B-44D3-9B6C-9F8CAE2D706D}.Debug|Any CPU.ActiveCfg = Debug|Any CPU
		{C592E082-F26B-44D3-9B6C-9F8CAE2D706D}.Debug|Any CPU.Build.0 = Debug|Any CPU
		{C592E082-F26B-44D3-9B6C-9F8CAE2D706D}.Release|Any CPU.ActiveCfg = Release|Any CPU
		{C592E082-F26B-44D3-9B6C-9F8CAE2D706D}.Release|Any CPU.Build.0 = Release|Any CPU
	EndGlobalSection
	GlobalSection(SolutionProperties) = preSolution
		HideSolutionNode = FALSE
	EndGlobalSection
	GlobalSection(ExtensibilityGlobals) = postSolution
		SolutionGuid = {BED47A79-6404-407E-B845-B8BAA664CD16}
	EndGlobalSection
EndGlobal
